// !$*UTF8*$!
{
	archiveVersion = 1;
	classes = {
	};
	objectVersion = 46;
	objects = {

/* Begin PBXBuildFile section */
		CC6B1CF51ED5A51C00F724F8 /* AppDelegate.swift in Sources */ = {isa = PBXBuildFile; fileRef = CC6B1CF41ED5A51C00F724F8 /* AppDelegate.swift */; };
		CC6B1CF71ED5A51C00F724F8 /* ViewController.swift in Sources */ = {isa = PBXBuildFile; fileRef = CC6B1CF61ED5A51C00F724F8 /* ViewController.swift */; };
		CC6B1CFA1ED5A51C00F724F8 /* Main.storyboard in Resources */ = {isa = PBXBuildFile; fileRef = CC6B1CF81ED5A51C00F724F8 /* Main.storyboard */; };
		CC6B1CFC1ED5A51C00F724F8 /* Assets.xcassets in Resources */ = {isa = PBXBuildFile; fileRef = CC6B1CFB1ED5A51C00F724F8 /* Assets.xcassets */; };
		CC6B1CFF1ED5A51C00F724F8 /* LaunchScreen.storyboard in Resources */ = {isa = PBXBuildFile; fileRef = CC6B1CFD1ED5A51C00F724F8 /* LaunchScreen.storyboard */; };
/* End PBXBuildFile section */

/* Begin PBXFileReference section */
		CC6B1CF11ED5A51C00F724F8 /* SugarBox.app */ = {isa = PBXFileReference; explicitFileType = wrapper.application; includeInIndex = 0; path = SugarBox.app; sourceTree = BUILT_PRODUCTS_DIR; };
		CC6B1CF41ED5A51C00F724F8 /* AppDelegate.swift */ = {isa = PBXFileReference; lastKnownFileType = sourcecode.swift; path = AppDelegate.swift; sourceTree = "<group>"; };
		CC6B1CF61ED5A51C00F724F8 /* ViewController.swift */ = {isa = PBXFileReference; lastKnownFileType = sourcecode.swift; path = ViewController.swift; sourceTree = "<group>"; };
		CC6B1CF91ED5A51C00F724F8 /* Base */ = {isa = PBXFileReference; lastKnownFileType = file.storyboard; name = Base; path = Base.lproj/Main.storyboard; sourceTree = "<group>"; };
		CC6B1CFB1ED5A51C00F724F8 /* Assets.xcassets */ = {isa = PBXFileReference; lastKnownFileType = folder.assetcatalog; path = Assets.xcassets; sourceTree = "<group>"; };
		CC6B1CFE1ED5A51C00F724F8 /* Base */ = {isa = PBXFileReference; lastKnownFileType = file.storyboard; name = Base; path = Base.lproj/LaunchScreen.storyboard; sourceTree = "<group>"; };
		CC6B1D001ED5A51C00F724F8 /* Info.plist */ = {isa = PBXFileReference; lastKnownFileType = text.plist.xml; path = Info.plist; sourceTree = "<group>"; };
/* End PBXFileReference section */

/* Begin PBXFrameworksBuildPhase section */
		CC6B1CEE1ED5A51C00F724F8 /* Frameworks */ = {
			isa = PBXFrameworksBuildPhase;
			buildActionMask = 2147483647;
			files = (
			);
			runOnlyForDeploymentPostprocessing = 0;
		};
/* End PBXFrameworksBuildPhase section */

/* Begin PBXGroup section */
		CC6B1CE81ED5A51C00F724F8 = {
			isa = PBXGroup;
			children = (
				CC6B1CF31ED5A51C00F724F8 /* SugarBox */,
				CC6B1CF21ED5A51C00F724F8 /* Products */,
			);
			sourceTree = "<group>";
		};
		CC6B1CF21ED5A51C00F724F8 /* Products */ = {
			isa = PBXGroup;
			children = (
				CC6B1CF11ED5A51C00F724F8 /* SugarBox.app */,
			);
			name = Products;
			sourceTree = "<group>";
		};
		CC6B1CF31ED5A51C00F724F8 /* SugarBox */ = {
			isa = PBXGroup;
			children = (
				CC6B1CF41ED5A51C00F724F8 /* AppDelegate.swift */,
				CC6B1CF61ED5A51C00F724F8 /* ViewController.swift */,
				CC6B1CF81ED5A51C00F724F8 /* Main.storyboard */,
				CC6B1CFB1ED5A51C00F724F8 /* Assets.xcassets */,
				CC6B1CFD1ED5A51C00F724F8 /* LaunchScreen.storyboard */,
				CC6B1D001ED5A51C00F724F8 /* Info.plist */,
			);
			path = SugarBox;
			sourceTree = "<group>";
		};
/* End PBXGroup section */

/* Begin PBXNativeTarget section */
		CC6B1CF01ED5A51C00F724F8 /* SugarBox */ = {
			isa = PBXNativeTarget;
			buildConfigurationList = CC6B1D031ED5A51C00F724F8 /* Build configuration list for PBXNativeTarget "SugarBox" */;
			buildPhases = (
				CC6B1CED1ED5A51C00F724F8 /* Sources */,
				CC6B1CEE1ED5A51C00F724F8 /* Frameworks */,
				CC6B1CEF1ED5A51C00F724F8 /* Resources */,
			);
			buildRules = (
			);
			dependencies = (
			);
			name = SugarBox;
			productName = SugarBox;
			productReference = CC6B1CF11ED5A51C00F724F8 /* SugarBox.app */;
			productType = "com.apple.product-type.application";
		};
/* End PBXNativeTarget section */

/* Begin PBXProject section */
		CC6B1CE91ED5A51C00F724F8 /* Project object */ = {
			isa = PBXProject;
			attributes = {
				LastSwiftUpdateCheck = 0830;
				LastUpgradeCheck = 0830;
				ORGANIZATIONNAME = eSoft;
				TargetAttributes = {
					CC6B1CF01ED5A51C00F724F8 = {
						CreatedOnToolsVersion = 8.3.2;
						ProvisioningStyle = Automatic;
					};
				};
			};
			buildConfigurationList = CC6B1CEC1ED5A51C00F724F8 /* Build configuration list for PBXProject "SugarBox" */;
			compatibilityVersion = "Xcode 3.2";
			developmentRegion = English;
			hasScannedForEncodings = 0;
			knownRegions = (
				en,
				Base,
			);
			mainGroup = CC6B1CE81ED5A51C00F724F8;
			productRefGroup = CC6B1CF21ED5A51C00F724F8 /* Products */;
			projectDirPath = "";
			projectRoot = "";
			targets = (
				CC6B1CF01ED5A51C00F724F8 /* SugarBox */,
			);
		};
/* End PBXProject section */

/* Begin PBXResourcesBuildPhase section */
		CC6B1CEF1ED5A51C00F724F8 /* Resources */ = {
			isa = PBXResourcesBuildPhase;
			buildActionMask = 2147483647;
			files = (
				CC6B1CFF1ED5A51C00F724F8 /* LaunchScreen.storyboard in Resources */,
				CC6B1CFC1ED5A51C00F724F8 /* Assets.xcassets in Resources */,
				CC6B1CFA1ED5A51C00F724F8 /* Main.storyboard in Resources */,
			);
			runOnlyForDeploymentPostprocessing = 0;
		};
/* End PBXResourcesBuildPhase section */

/* Begin PBXSourcesBuildPhase section */
		CC6B1CED1ED5A51C00F724F8 /* Sources */ = {
			isa = PBXSourcesBuildPhase;
			buildActionMask = 2147483647;
			files = (
				CC6B1CF71ED5A51C00F724F8 /* ViewController.swift in Sources */,
				CC6B1CF51ED5A51C00F724F8 /* AppDelegate.swift in Sources */,
			);
			runOnlyForDeploymentPostprocessing = 0;
		};
/* End PBXSourcesBuildPhase section */

/* Begin PBXVariantGroup section */
		CC6B1CF81ED5A51C00F724F8 /* Main.storyboard */ = {
			isa = PBXVariantGroup;
			children = (
				CC6B1CF91ED5A51C00F724F8 /* Base */,
			);
			name = Main.storyboard;
			sourceTree = "<group>";
		};
		CC6B1CFD1ED5A51C00F724F8 /* LaunchScreen.storyboard */ = {
			isa = PBXVariantGroup;
			children = (
				CC6B1CFE1ED5A51C00F724F8 /* Base */,
			);
			name = LaunchScreen.storyboard;
			sourceTree = "<group>";
		};
/* End PBXVariantGroup section */

/* Begin XCBuildConfiguration section */
		CC6B1D011ED5A51C00F724F8 /* Debug */ = {
			isa = XCBuildConfiguration;
			buildSettings = {
				ALWAYS_SEARCH_USER_PATHS = NO;
				CLANG_ANALYZER_NONNULL = YES;
				CLANG_ANALYZER_NUMBER_OBJECT_CONVERSION = YES_AGGRESSIVE;
				CLANG_CXX_LANGUAGE_STANDARD = "gnu++0x";
				CLANG_CXX_LIBRARY = "libc++";
				CLANG_ENABLE_MODULES = YES;
				CLANG_ENABLE_OBJC_ARC = YES;
				CLANG_WARN_BOOL_CONVERSION = YES;
				CLANG_WARN_CONSTANT_CONVERSION = YES;
				CLANG_WARN_DIRECT_OBJC_ISA_USAGE = YES_ERROR;
				CLANG_WARN_DOCUMENTATION_COMMENTS = YES;
				CLANG_WARN_EMPTY_BODY = YES;
				CLANG_WARN_ENUM_CONVERSION = YES;
				CLANG_WARN_INFINITE_RECURSION = YES;
				CLANG_WARN_INT_CONVERSION = YES;
				CLANG_WARN_OBJC_ROOT_CLASS = YES_ERROR;
				CLANG_WARN_SUSPICIOUS_MOVE = YES;
				CLANG_WARN_UNREACHABLE_CODE = YES;
				CLANG_WARN__DUPLICATE_METHOD_MATCH = YES;
				"CODE_SIGN_IDENTITY[sdk=iphoneos*]" = "iPhone Developer";
				COPY_PHASE_STRIP = NO;
				DEBUG_INFORMATION_FORMAT = dwarf;
				ENABLE_STRICT_OBJC_MSGSEND = YES;
				ENABLE_TESTABILITY = YES;
				GCC_C_LANGUAGE_STANDARD = gnu99;
				GCC_DYNAMIC_NO_PIC = NO;
				GCC_NO_COMMON_BLOCKS = YES;
				GCC_OPTIMIZATION_LEVEL = 0;
				GCC_PREPROCESSOR_DEFINITIONS = (
					"DEBUG=1",
					"$(inherited)",
				);
				GCC_WARN_64_TO_32_BIT_CONVERSION = YES;
				GCC_WARN_ABOUT_RETURN_TYPE = YES_ERROR;
				GCC_WARN_UNDECLARED_SELECTOR = YES;
				GCC_WARN_UNINITIALIZED_AUTOS = YES_AGGRESSIVE;
				GCC_WARN_UNUSED_FUNCTION = YES;
				GCC_WARN_UNUSED_VARIABLE = YES;
				IPHONEOS_DEPLOYMENT_TARGET = 10.3;
				MTL_ENABLE_DEBUG_INFO = YES;
				ONLY_ACTIVE_ARCH = YES;
				SDKROOT = iphoneos;
				SWIFT_ACTIVE_COMPILATION_CONDITIONS = DEBUG;
				SWIFT_OPTIMIZATION_LEVEL = "-Onone";
				TARGETED_DEVICE_FAMILY = "1,2";
			};
			name = Debug;
		};
		CC6B1D021ED5A51C00F724F8 /* Release */ = {
			isa = XCBuildConfiguration;
			buildSettings = {
				ALWAYS_SEARCH_USER_PATHS = NO;
				CLANG_ANALYZER_NONNULL = YES;
				CLANG_ANALYZER_NUMBER_OBJECT_CONVERSION = YES_AGGRESSIVE;
				CLANG_CXX_LANGUAGE_STANDARD = "gnu++0x";
				CLANG_CXX_LIBRARY = "libc++";
				CLANG_ENABLE_MODULES = YES;
				CLANG_ENABLE_OBJC_ARC = YES;
				CLANG_WARN_BOOL_CONVERSION = YES;
				CLANG_WARN_CONSTANT_CONVERSION = YES;
				CLANG_WARN_DIRECT_OBJC_ISA_USAGE = YES_ERROR;
				CLANG_WARN_DOCUMENTATION_COMMENTS = YES;
				CLANG_WARN_EMPTY_BODY = YES;
				CLANG_WARN_ENUM_CONVERSION = YES;
				CLANG_WARN_INFINITE_RECURSION = YES;
				CLANG_WARN_INT_CONVERSION = YES;
				CLANG_WARN_OBJC_ROOT_CLASS = YES_ERROR;
				CLANG_WARN_SUSPICIOUS_MOVE = YES;
				CLANG_WARN_UNREACHABLE_CODE = YES;
				CLANG_WARN__DUPLICATE_METHOD_MATCH = YES;
				"CODE_SIGN_IDENTITY[sdk=iphoneos*]" = "iPhone Developer";
				COPY_PHASE_STRIP = NO;
				DEBUG_INFORMATION_FORMAT = "dwarf-with-dsym";
				ENABLE_NS_ASSERTIONS = NO;
				ENABLE_STRICT_OBJC_MSGSEND = YES;
				GCC_C_LANGUAGE_STANDARD = gnu99;
				GCC_NO_COMMON_BLOCKS = YES;
				GCC_WARN_64_TO_32_BIT_CONVERSION = YES;
				GCC_WARN_ABOUT_RETURN_TYPE = YES_ERROR;
				GCC_WARN_UNDECLARED_SELECTOR = YES;
				GCC_WARN_UNINITIALIZED_AUTOS = YES_AGGRESSIVE;
				GCC_WARN_UNUSED_FUNCTION = YES;
				GCC_WARN_UNUSED_VARIABLE = YES;
				IPHONEOS_DEPLOYMENT_TARGET = 10.3;
				MTL_ENABLE_DEBUG_INFO = NO;
				SDKROOT = iphoneos;
				SWIFT_OPTIMIZATION_LEVEL = "-Owholemodule";
				TARGETED_DEVICE_FAMILY = "1,2";
				VALIDATE_PRODUCT = YES;
			};
			name = Release;
		};
		CC6B1D041ED5A51C00F724F8 /* Debug */ = {
			isa = XCBuildConfiguration;
			buildSettings = {
				ASSETCATALOG_COMPILER_APPICON_NAME = AppIcon;
				INFOPLIST_FILE = SugarBox/Info.plist;
				LD_RUNPATH_SEARCH_PATHS = "$(inherited) @executable_path/Frameworks";
				PRODUCT_BUNDLE_IDENTIFIER = com.SugarBox;
				PRODUCT_NAME = "$(TARGET_NAME)";
				SWIFT_VERSION = 3.0;
			};
			name = Debug;
		};
		CC6B1D051ED5A51C00F724F8 /* Release */ = {
			isa = XCBuildConfiguration;
			buildSettings = {
				ASSETCATALOG_COMPILER_APPICON_NAME = AppIcon;
				INFOPLIST_FILE = SugarBox/Info.plist;
				LD_RUNPATH_SEARCH_PATHS = "$(inherited) @executable_path/Frameworks";
				PRODUCT_BUNDLE_IDENTIFIER = com.SugarBox;
				PRODUCT_NAME = "$(TARGET_NAME)";
				SWIFT_VERSION = 3.0;
			};
			name = Release;
		};
/* End XCBuildConfiguration section */

/* Begin XCConfigurationList section */
		CC6B1CEC1ED5A51C00F724F8 /* Build configuration list for PBXProject "SugarBox" */ = {
			isa = XCConfigurationList;
			buildConfigurations = (
				CC6B1D011ED5A51C00F724F8 /* Debug */,
				CC6B1D021ED5A51C00F724F8 /* Release */,
			);
			defaultConfigurationIsVisible = 0;
			defaultConfigurationName = Release;
		};
		CC6B1D031ED5A51C00F724F8 /* Build configuration list for PBXNativeTarget "SugarBox" */ = {
			isa = XCConfigurationList;
			buildConfigurations = (
				CC6B1D041ED5A51C00F724F8 /* Debug */,
				CC6B1D051ED5A51C00F724F8 /* Release */,
			);
			defaultConfigurationIsVisible = 0;
		};
/* End XCConfigurationList section */
	};
	rootObject = CC6B1CE91ED5A51C00F724F8 /* Project object */;
}
